
Microsoft Visual Studio Solution File, Format Version 12.00
# Visual Studio 15
VisualStudioVersion = 15.0.26124.0
MinimumVisualStudioVersion = 15.0.26124.0
Project("{2150E333-8FDC-42A3-9474-1A3956D46DE8}") = "src", "src", "{055CD176-6EF1-4F7F-BCD5-E15C4DA98133}"
EndProject
Project("{FAE04EC0-301F-11D3-BF4B-00C04F79EFBC}") = "FAL.Client", "src\FAL.Client\FAL.Client.csproj", "{E7FF1E5B-41D8-453F-BB56-E27955C1CDB0}"
EndProject
Project("{FAE04EC0-301F-11D3-BF4B-00C04F79EFBC}") = "FAL.Common", "src\FAL.Common\FAL.Common.csproj", "{DDEB5312-6248-45B4-B379-F3FD0494C205}"
EndProject
Project("{FAE04EC0-301F-11D3-BF4B-00C04F79EFBC}") = "FAL.Server", "src\FAL.Server\FAL.Server.csproj", "{950F67F6-06D9-439A-BB85-579488589A01}"
EndProject
Project("{FAE04EC0-301F-11D3-BF4B-00C04F79EFBC}") = "FAL.Game", "src\FAL.Game\FAL.Game.csproj", "{6A4F0458-4903-434B-B897-033204F82443}"
EndProject
Project("{2150E333-8FDC-42A3-9474-1A3956D46DE8}") = "test", "test", "{DF502A67-D039-4441-B35D-6EAD1875B312}"
EndProject
Project("{FAE04EC0-301F-11D3-BF4B-00C04F79EFBC}") = "FAL.RawTest", "test\FAL.RawTest\FAL.RawTest.csproj", "{3F381FD4-548C-46B0-B5EB-F65DCA369625}"
EndProject
Global
	GlobalSection(SolutionConfigurationPlatforms) = preSolution
		Debug|Any CPU = Debug|Any CPU
		Debug|x64 = Debug|x64
		Debug|x86 = Debug|x86
		Release|Any CPU = Release|Any CPU
		Release|x64 = Release|x64
		Release|x86 = Release|x86
	EndGlobalSection
	GlobalSection(SolutionProperties) = preSolution
		HideSolutionNode = FALSE
	EndGlobalSection
	GlobalSection(ProjectConfigurationPlatforms) = postSolution
		{E7FF1E5B-41D8-453F-BB56-E27955C1CDB0}.Debug|Any CPU.ActiveCfg = Debug|Any CPU
		{E7FF1E5B-41D8-453F-BB56-E27955C1CDB0}.Debug|Any CPU.Build.0 = Debug|Any CPU
		{E7FF1E5B-41D8-453F-BB56-E27955C1CDB0}.Debug|x64.ActiveCfg = Debug|Any CPU
		{E7FF1E5B-41D8-453F-BB56-E27955C1CDB0}.Debug|x64.Build.0 = Debug|Any CPU
		{E7FF1E5B-41D8-453F-BB56-E27955C1CDB0}.Debug|x86.ActiveCfg = Debug|Any CPU
		{E7FF1E5B-41D8-453F-BB56-E27955C1CDB0}.Debug|x86.Build.0 = Debug|Any CPU
		{E7FF1E5B-41D8-453F-BB56-E27955C1CDB0}.Release|Any CPU.ActiveCfg = Release|Any CPU
		{E7FF1E5B-41D8-453F-BB56-E27955C1CDB0}.Release|Any CPU.Build.0 = Release|Any CPU
		{E7FF1E5B-41D8-453F-BB56-E27955C1CDB0}.Release|x64.ActiveCfg = Release|Any CPU
		{E7FF1E5B-41D8-453F-BB56-E27955C1CDB0}.Release|x64.Build.0 = Release|Any CPU
		{E7FF1E5B-41D8-453F-BB56-E27955C1CDB0}.Release|x86.ActiveCfg = Release|Any CPU
		{E7FF1E5B-41D8-453F-BB56-E27955C1CDB0}.Release|x86.Build.0 = Release|Any CPU
		{DDEB5312-6248-45B4-B379-F3FD0494C205}.Debug|Any CPU.ActiveCfg = Debug|Any CPU
		{DDEB5312-6248-45B4-B379-F3FD0494C205}.Debug|Any CPU.Build.0 = Debug|Any CPU
		{DDEB5312-6248-45B4-B379-F3FD0494C205}.Debug|x64.ActiveCfg = Debug|Any CPU
		{DDEB5312-6248-45B4-B379-F3FD0494C205}.Debug|x64.Build.0 = Debug|Any CPU
		{DDEB5312-6248-45B4-B379-F3FD0494C205}.Debug|x86.ActiveCfg = Debug|Any CPU
		{DDEB5312-6248-45B4-B379-F3FD0494C205}.Debug|x86.Build.0 = Debug|Any CPU
		{DDEB5312-6248-45B4-B379-F3FD0494C205}.Release|Any CPU.ActiveCfg = Release|Any CPU
		{DDEB5312-6248-45B4-B379-F3FD0494C205}.Release|Any CPU.Build.0 = Release|Any CPU
		{DDEB5312-6248-45B4-B379-F3FD0494C205}.Release|x64.ActiveCfg = Release|Any CPU
		{DDEB5312-6248-45B4-B379-F3FD0494C205}.Release|x64.Build.0 = Release|Any CPU
		{DDEB5312-6248-45B4-B379-F3FD0494C205}.Release|x86.ActiveCfg = Release|Any CPU
		{DDEB5312-6248-45B4-B379-F3FD0494C205}.Release|x86.Build.0 = Release|Any CPU
		{950F67F6-06D9-439A-BB85-579488589A01}.Debug|Any CPU.ActiveCfg = Debug|Any CPU
		{950F67F6-06D9-439A-BB85-579488589A01}.Debug|Any CPU.Build.0 = Debug|Any CPU
		{950F67F6-06D9-439A-BB85-579488589A01}.Debug|x64.ActiveCfg = Debug|Any CPU
		{950F67F6-06D9-439A-BB85-579488589A01}.Debug|x64.Build.0 = Debug|Any CPU
		{950F67F6-06D9-439A-BB85-579488589A01}.Debug|x86.ActiveCfg = Debug|Any CPU
		{950F67F6-06D9-439A-BB85-579488589A01}.Debug|x86.Build.0 = Debug|Any CPU
		{950F67F6-06D9-439A-BB85-579488589A01}.Release|Any CPU.ActiveCfg = Release|Any CPU
		{950F67F6-06D9-439A-BB85-579488589A01}.Release|Any CPU.Build.0 = Release|Any CPU
		{950F67F6-06D9-439A-BB85-579488589A01}.Release|x64.ActiveCfg = Release|Any CPU
		{950F67F6-06D9-439A-BB85-579488589A01}.Release|x64.Build.0 = Release|Any CPU
		{950F67F6-06D9-439A-BB85-579488589A01}.Release|x86.ActiveCfg = Release|Any CPU
		{950F67F6-06D9-439A-BB85-579488589A01}.Release|x86.Build.0 = Release|Any CPU
		{6A4F0458-4903-434B-B897-033204F82443}.Debug|Any CPU.ActiveCfg = Debug|Any CPU
		{6A4F0458-4903-434B-B897-033204F82443}.Debug|Any CPU.Build.0 = Debug|Any CPU
		{6A4F0458-4903-434B-B897-033204F82443}.Debug|x64.ActiveCfg = Debug|Any CPU
		{6A4F0458-4903-434B-B897-033204F82443}.Debug|x64.Build.0 = Debug|Any CPU
		{6A4F0458-4903-434B-B897-033204F82443}.Debug|x86.ActiveCfg = Debug|Any CPU
		{6A4F0458-4903-434B-B897-033204F82443}.Debug|x86.Build.0 = Debug|Any CPU
		{6A4F0458-4903-434B-B897-033204F82443}.Release|Any CPU.ActiveCfg = Release|Any CPU
		{6A4F0458-4903-434B-B897-033204F82443}.Release|Any CPU.Build.0 = Release|Any CPU
		{6A4F0458-4903-434B-B897-033204F82443}.Release|x64.ActiveCfg = Release|Any CPU
		{6A4F0458-4903-434B-B897-033204F82443}.Release|x64.Build.0 = Release|Any CPU
		{6A4F0458-4903-434B-B897-033204F82443}.Release|x86.ActiveCfg = Release|Any CPU
		{6A4F0458-4903-434B-B897-033204F82443}.Release|x86.Build.0 = Release|Any CPU
		{3F381FD4-548C-46B0-B5EB-F65DCA369625}.Debug|Any CPU.ActiveCfg = Debug|Any CPU
		{3F381FD4-548C-46B0-B5EB-F65DCA369625}.Debug|Any CPU.Build.0 = Debug|Any CPU
		{3F381FD4-548C-46B0-B5EB-F65DCA369625}.Debug|x64.ActiveCfg = Debug|Any CPU
		{3F381FD4-548C-46B0-B5EB-F65DCA369625}.Debug|x64.Build.0 = Debug|Any CPU
		{3F381FD4-548C-46B0-B5EB-F65DCA369625}.Debug|x86.ActiveCfg = Debug|Any CPU
		{3F381FD4-548C-46B0-B5EB-F65DCA369625}.Debug|x86.Build.0 = Debug|Any CPU
		{3F381FD4-548C-46B0-B5EB-F65DCA369625}.Release|Any CPU.ActiveCfg = Release|Any CPU
		{3F381FD4-548C-46B0-B5EB-F65DCA369625}.Release|Any CPU.Build.0 = Release|Any CPU
		{3F381FD4-548C-46B0-B5EB-F65DCA369625}.Release|x64.ActiveCfg = Release|Any CPU
		{3F381FD4-548C-46B0-B5EB-F65DCA369625}.Release|x64.Build.0 = Release|Any CPU
		{3F381FD4-548C-46B0-B5EB-F65DCA369625}.Release|x86.ActiveCfg = Release|Any CPU
		{3F381FD4-548C-46B0-B5EB-F65DCA369625}.Release|x86.Build.0 = Release|Any CPU
	EndGlobalSection
	GlobalSection(NestedProjects) = preSolution
		{E7FF1E5B-41D8-453F-BB56-E27955C1CDB0} = {055CD176-6EF1-4F7F-BCD5-E15C4DA98133}
		{DDEB5312-6248-45B4-B379-F3FD0494C205} = {055CD176-6EF1-4F7F-BCD5-E15C4DA98133}
		{950F67F6-06D9-439A-BB85-579488589A01} = {055CD176-6EF1-4F7F-BCD5-E15C4DA98133}
		{6A4F0458-4903-434B-B897-033204F82443} = {055CD176-6EF1-4F7F-BCD5-E15C4DA98133}
		{3F381FD4-548C-46B0-B5EB-F65DCA369625} = {DF502A67-D039-4441-B35D-6EAD1875B312}
	EndGlobalSection
EndGlobal
